{
  "originHash" : "7bf71b8cd592e13ea66fa2b3a2c40c02715e9865d2bd24da5ddd8361c8f07572",
  "pins" : [
    {
      "identity" : "yahoostockskit",
      "kind" : "remoteSourceControl",
      "location" : "https://github.com/jeonguk29/YahooStocksKit.git",
      "state" : {
        "branch" : "main",
        "revision" : "796448bb0e71593a867e08463a614d0f7d628a74"
      }
    }
  ],
  "version" : 3
}
